
Microsoft Visual Studio Solution File, Format Version 12.00
# Visual Studio 2015
Project("{FAE04EC0-301F-11D3-BF4B-00C04F79EFBC}") = "puzzislandpc.CSharp.Plugins", "puzzislandpc.CSharp.Plugins.csproj", "{544054EC-3E47-4FFB-E13C-FD27418D54AC}"
EndProject
Project("{FAE04EC0-301F-11D3-BF4B-00C04F79EFBC}") = "puzzislandpc.CSharp", "puzzislandpc.CSharp.csproj", "{94978CA1-98D5-F2D4-FFAA-57CA98B4284A}"
EndProject
Project("{FAE04EC0-301F-11D3-BF4B-00C04F79EFBC}") = "puzzislandpc.CSharp.Editor", "puzzislandpc.CSharp.Editor.csproj", "{CBF33EFA-0BAF-3ECD-F61E-9E90CBC6DA3B}"
EndProject
Global
	GlobalSection(SolutionConfigurationPlatforms) = preSolution
		Debug|Any CPU = Debug|Any CPU
		Release|Any CPU = Release|Any CPU
	EndGlobalSection
	GlobalSection(ProjectConfigurationPlatforms) = postSolution
		{544054EC-3E47-4FFB-E13C-FD27418D54AC}.Debug|Any CPU.ActiveCfg = Debug|Any CPU
		{544054EC-3E47-4FFB-E13C-FD27418D54AC}.Debug|Any CPU.Build.0 = Debug|Any CPU
		{544054EC-3E47-4FFB-E13C-FD27418D54AC}.Release|Any CPU.ActiveCfg = Release|Any CPU
		{544054EC-3E47-4FFB-E13C-FD27418D54AC}.Release|Any CPU.Build.0 = Release|Any CPU
		{94978CA1-98D5-F2D4-FFAA-57CA98B4284A}.Debug|Any CPU.ActiveCfg = Debug|Any CPU
		{94978CA1-98D5-F2D4-FFAA-57CA98B4284A}.Debug|Any CPU.Build.0 = Debug|Any CPU
		{94978CA1-98D5-F2D4-FFAA-57CA98B4284A}.Release|Any CPU.ActiveCfg = Release|Any CPU
		{94978CA1-98D5-F2D4-FFAA-57CA98B4284A}.Release|Any CPU.Build.0 = Release|Any CPU
		{CBF33EFA-0BAF-3ECD-F61E-9E90CBC6DA3B}.Debug|Any CPU.ActiveCfg = Debug|Any CPU
		{CBF33EFA-0BAF-3ECD-F61E-9E90CBC6DA3B}.Debug|Any CPU.Build.0 = Debug|Any CPU
		{CBF33EFA-0BAF-3ECD-F61E-9E90CBC6DA3B}.Release|Any CPU.ActiveCfg = Release|Any CPU
		{CBF33EFA-0BAF-3ECD-F61E-9E90CBC6DA3B}.Release|Any CPU.Build.0 = Release|Any CPU
	EndGlobalSection
	GlobalSection(SolutionProperties) = preSolution
		HideSolutionNode = FALSE
	EndGlobalSection
EndGlobal
