
Microsoft Visual Studio Solution File, Format Version 12.00
# Visual Studio 2015
Project("{FAE04EC0-301F-11D3-BF4B-00C04F79EFBC}") = "puzzleisland.CSharp.Plugins", "puzzleisland.CSharp.Plugins.csproj", "{30046185-9DEF-ABDD-ABE9-773CAC3DB0F9}"
EndProject
Project("{FAE04EC0-301F-11D3-BF4B-00C04F79EFBC}") = "puzzleisland.CSharp", "puzzleisland.CSharp.csproj", "{D0559F54-C073-124F-D14D-36A924C627F2}"
EndProject
Project("{FAE04EC0-301F-11D3-BF4B-00C04F79EFBC}") = "puzzleisland.CSharp.Editor", "puzzleisland.CSharp.Editor.csproj", "{AF468480-D05A-E824-432B-F6035FAF1F08}"
EndProject
Global
	GlobalSection(SolutionConfigurationPlatforms) = preSolution
		Debug|Any CPU = Debug|Any CPU
		Release|Any CPU = Release|Any CPU
	EndGlobalSection
	GlobalSection(ProjectConfigurationPlatforms) = postSolution
		{30046185-9DEF-ABDD-ABE9-773CAC3DB0F9}.Debug|Any CPU.ActiveCfg = Debug|Any CPU
		{30046185-9DEF-ABDD-ABE9-773CAC3DB0F9}.Debug|Any CPU.Build.0 = Debug|Any CPU
		{30046185-9DEF-ABDD-ABE9-773CAC3DB0F9}.Release|Any CPU.ActiveCfg = Release|Any CPU
		{30046185-9DEF-ABDD-ABE9-773CAC3DB0F9}.Release|Any CPU.Build.0 = Release|Any CPU
		{D0559F54-C073-124F-D14D-36A924C627F2}.Debug|Any CPU.ActiveCfg = Debug|Any CPU
		{D0559F54-C073-124F-D14D-36A924C627F2}.Debug|Any CPU.Build.0 = Debug|Any CPU
		{D0559F54-C073-124F-D14D-36A924C627F2}.Release|Any CPU.ActiveCfg = Release|Any CPU
		{D0559F54-C073-124F-D14D-36A924C627F2}.Release|Any CPU.Build.0 = Release|Any CPU
		{AF468480-D05A-E824-432B-F6035FAF1F08}.Debug|Any CPU.ActiveCfg = Debug|Any CPU
		{AF468480-D05A-E824-432B-F6035FAF1F08}.Debug|Any CPU.Build.0 = Debug|Any CPU
		{AF468480-D05A-E824-432B-F6035FAF1F08}.Release|Any CPU.ActiveCfg = Release|Any CPU
		{AF468480-D05A-E824-432B-F6035FAF1F08}.Release|Any CPU.Build.0 = Release|Any CPU
	EndGlobalSection
	GlobalSection(SolutionProperties) = preSolution
		HideSolutionNode = FALSE
	EndGlobalSection
EndGlobal
